
Microsoft Visual Studio Solution File, Format Version 12.00
# Visual Studio 15
VisualStudioVersion = 15.0.27703.2035
MinimumVisualStudioVersion = 10.0.40219.1
Project("{FAE04EC0-301F-11D3-BF4B-00C04F79EFBC}") = "VsixProject", "VsixProject\VsixProject.csproj", "{6A453A0B-B9A5-4656-A2D3-01C8C3C1AE49}"
EndProject
Project("{FAE04EC0-301F-11D3-BF4B-00C04F79EFBC}") = "Template", "Template\Template.csproj", "{8DF392FE-C0BA-4FAA-99DF-7BD65BF96AD9}"
EndProject
Global
	GlobalSection(SolutionConfigurationPlatforms) = preSolution
		Debug|Any CPU = Debug|Any CPU
		Release|Any CPU = Release|Any CPU
	EndGlobalSection
	GlobalSection(ProjectConfigurationPlatforms) = postSolution
		{6A453A0B-B9A5-4656-A2D3-01C8C3C1AE49}.Debug|Any CPU.ActiveCfg = Debug|Any CPU
		{6A453A0B-B9A5-4656-A2D3-01C8C3C1AE49}.Debug|Any CPU.Build.0 = Debug|Any CPU
		{6A453A0B-B9A5-4656-A2D3-01C8C3C1AE49}.Release|Any CPU.ActiveCfg = Release|Any CPU
		{6A453A0B-B9A5-4656-A2D3-01C8C3C1AE49}.Release|Any CPU.Build.0 = Release|Any CPU
		{8DF392FE-C0BA-4FAA-99DF-7BD65BF96AD9}.Debug|Any CPU.ActiveCfg = Debug|Any CPU
		{8DF392FE-C0BA-4FAA-99DF-7BD65BF96AD9}.Debug|Any CPU.Build.0 = Debug|Any CPU
		{8DF392FE-C0BA-4FAA-99DF-7BD65BF96AD9}.Release|Any CPU.ActiveCfg = Release|Any CPU
		{8DF392FE-C0BA-4FAA-99DF-7BD65BF96AD9}.Release|Any CPU.Build.0 = Release|Any CPU
	EndGlobalSection
	GlobalSection(SolutionProperties) = preSolution
		HideSolutionNode = FALSE
	EndGlobalSection
	GlobalSection(ExtensibilityGlobals) = postSolution
		SolutionGuid = {7435BA39-8193-49CA-A674-E8F2EE3FC8EA}
	EndGlobalSection
EndGlobal
